
Microsoft Visual Studio Solution File, Format Version 12.00
# Visual Studio Version 17
VisualStudioVersion = 17.11.35327.3
MinimumVisualStudioVersion = 10.0.40219.1
Project("{FAE04EC0-301F-11D3-BF4B-00C04F79EFBC}") = "Assi1_Advanced", "Assi1_Advanced\Assi1_Advanced.csproj", "{2AE8D320-B3CF-47A3-AA67-746D2BF362A2}"
EndProject
Global
	GlobalSection(SolutionConfigurationPlatforms) = preSolution
		Debug|Any CPU = Debug|Any CPU
		Release|Any CPU = Release|Any CPU
	EndGlobalSection
	GlobalSection(ProjectConfigurationPlatforms) = postSolution
		{2AE8D320-B3CF-47A3-AA67-746D2BF362A2}.Debug|Any CPU.ActiveCfg = Debug|Any CPU
		{2AE8D320-B3CF-47A3-AA67-746D2BF362A2}.Debug|Any CPU.Build.0 = Debug|Any CPU
		{2AE8D320-B3CF-47A3-AA67-746D2BF362A2}.Release|Any CPU.ActiveCfg = Release|Any CPU
		{2AE8D320-B3CF-47A3-AA67-746D2BF362A2}.Release|Any CPU.Build.0 = Release|Any CPU
	EndGlobalSection
	GlobalSection(SolutionProperties) = preSolution
		HideSolutionNode = FALSE
	EndGlobalSection
	GlobalSection(ExtensibilityGlobals) = postSolution
		SolutionGuid = {4203F14B-E516-4F41-9047-3FBEFE3AB2A1}
	EndGlobalSection
EndGlobal
